// !$*UTF8*$!
{
	archiveVersion = 1;
	classes = {
	};
	objectVersion = 56;
	objects = {

/* Begin PBXBuildFile section */
		54F420F429FBB1A600F62645 /* main.swift in Sources */ = {isa = PBXBuildFile; fileRef = 54F420F329FBB1A600F62645 /* main.swift */; };
		54F420FB29FBB69200F62645 /* StringConstants.swift in Sources */ = {isa = PBXBuildFile; fileRef = 54F420FA29FBB69200F62645 /* StringConstants.swift */; };
		54F420FE29FBB90400F62645 /* MenuManager.swift in Sources */ = {isa = PBXBuildFile; fileRef = 54F420FD29FBB90400F62645 /* MenuManager.swift */; };
		54F4210229FBBA0B00F62645 /* Student.swift in Sources */ = {isa = PBXBuildFile; fileRef = 54F4210129FBBA0B00F62645 /* Student.swift */; };
		54F4210529FBBC9C00F62645 /* MenuType.swift in Sources */ = {isa = PBXBuildFile; fileRef = 54F4210429FBBC9C00F62645 /* MenuType.swift */; };
		54F4210729FBC5BF00F62645 /* AddStudent.swift in Sources */ = {isa = PBXBuildFile; fileRef = 54F4210629FBC5BF00F62645 /* AddStudent.swift */; };
		54F4210929FBC60E00F62645 /* DeleteStudent.swift in Sources */ = {isa = PBXBuildFile; fileRef = 54F4210829FBC60E00F62645 /* DeleteStudent.swift */; };
		54F4210B29FBC69700F62645 /* AddScore.swift in Sources */ = {isa = PBXBuildFile; fileRef = 54F4210A29FBC69700F62645 /* AddScore.swift */; };
		54F4210D29FBC6AC00F62645 /* DeleteScore.swift in Sources */ = {isa = PBXBuildFile; fileRef = 54F4210C29FBC6AC00F62645 /* DeleteScore.swift */; };
		54F4210F29FBC6F200F62645 /* ScoreView.swift in Sources */ = {isa = PBXBuildFile; fileRef = 54F4210E29FBC6F200F62645 /* ScoreView.swift */; };
		54F4211129FBC7BF00F62645 /* EndMenu.swift in Sources */ = {isa = PBXBuildFile; fileRef = 54F4211029FBC7BF00F62645 /* EndMenu.swift */; };
		54F4211429FBE7AB00F62645 /* Subject.swift in Sources */ = {isa = PBXBuildFile; fileRef = 54F4211329FBE7AB00F62645 /* Subject.swift */; };
/* End PBXBuildFile section */

/* Begin PBXCopyFilesBuildPhase section */
		54F420EE29FBB1A600F62645 /* CopyFiles */ = {
			isa = PBXCopyFilesBuildPhase;
			buildActionMask = 2147483647;
			dstPath = /usr/share/man/man1/;
			dstSubfolderSpec = 0;
			files = (
			);
			runOnlyForDeploymentPostprocessing = 1;
		};
/* End PBXCopyFilesBuildPhase section */

/* Begin PBXFileReference section */
		54F420F029FBB1A600F62645 /* MyCreditManager */ = {isa = PBXFileReference; explicitFileType = "compiled.mach-o.executable"; includeInIndex = 0; path = MyCreditManager; sourceTree = BUILT_PRODUCTS_DIR; };
		54F420F329FBB1A600F62645 /* main.swift */ = {isa = PBXFileReference; lastKnownFileType = sourcecode.swift; path = main.swift; sourceTree = "<group>"; };
		54F420FA29FBB69200F62645 /* StringConstants.swift */ = {isa = PBXFileReference; lastKnownFileType = sourcecode.swift; path = StringConstants.swift; sourceTree = "<group>"; };
		54F420FD29FBB90400F62645 /* MenuManager.swift */ = {isa = PBXFileReference; lastKnownFileType = sourcecode.swift; path = MenuManager.swift; sourceTree = "<group>"; };
		54F4210129FBBA0B00F62645 /* Student.swift */ = {isa = PBXFileReference; lastKnownFileType = sourcecode.swift; path = Student.swift; sourceTree = "<group>"; };
		54F4210429FBBC9C00F62645 /* MenuType.swift */ = {isa = PBXFileReference; lastKnownFileType = sourcecode.swift; path = MenuType.swift; sourceTree = "<group>"; };
		54F4210629FBC5BF00F62645 /* AddStudent.swift */ = {isa = PBXFileReference; lastKnownFileType = sourcecode.swift; path = AddStudent.swift; sourceTree = "<group>"; };
		54F4210829FBC60E00F62645 /* DeleteStudent.swift */ = {isa = PBXFileReference; lastKnownFileType = sourcecode.swift; path = DeleteStudent.swift; sourceTree = "<group>"; };
		54F4210A29FBC69700F62645 /* AddScore.swift */ = {isa = PBXFileReference; lastKnownFileType = sourcecode.swift; path = AddScore.swift; sourceTree = "<group>"; };
		54F4210C29FBC6AC00F62645 /* DeleteScore.swift */ = {isa = PBXFileReference; lastKnownFileType = sourcecode.swift; path = DeleteScore.swift; sourceTree = "<group>"; };
		54F4210E29FBC6F200F62645 /* ScoreView.swift */ = {isa = PBXFileReference; lastKnownFileType = sourcecode.swift; path = ScoreView.swift; sourceTree = "<group>"; };
		54F4211029FBC7BF00F62645 /* EndMenu.swift */ = {isa = PBXFileReference; lastKnownFileType = sourcecode.swift; path = EndMenu.swift; sourceTree = "<group>"; };
		54F4211329FBE7AB00F62645 /* Subject.swift */ = {isa = PBXFileReference; lastKnownFileType = sourcecode.swift; path = Subject.swift; sourceTree = "<group>"; };
/* End PBXFileReference section */

/* Begin PBXFrameworksBuildPhase section */
		54F420ED29FBB1A600F62645 /* Frameworks */ = {
			isa = PBXFrameworksBuildPhase;
			buildActionMask = 2147483647;
			files = (
			);
			runOnlyForDeploymentPostprocessing = 0;
		};
/* End PBXFrameworksBuildPhase section */

/* Begin PBXGroup section */
		54F420E729FBB1A600F62645 = {
			isa = PBXGroup;
			children = (
				54F420F229FBB1A600F62645 /* MyCreditManager */,
				54F420F129FBB1A600F62645 /* Products */,
			);
			sourceTree = "<group>";
		};
		54F420F129FBB1A600F62645 /* Products */ = {
			isa = PBXGroup;
			children = (
				54F420F029FBB1A600F62645 /* MyCreditManager */,
			);
			name = Products;
			sourceTree = "<group>";
		};
		54F420F229FBB1A600F62645 /* MyCreditManager */ = {
			isa = PBXGroup;
			children = (
				54F4210329FBBA4D00F62645 /* CodingManager */,
				54F420FC29FBB89600F62645 /* Menu */,
				54F420FF29FBB9E200F62645 /* Models */,
				54F420F329FBB1A600F62645 /* main.swift */,
			);
			path = MyCreditManager;
			sourceTree = "<group>";
		};
		54F420FC29FBB89600F62645 /* Menu */ = {
			isa = PBXGroup;
			children = (
				54F420FD29FBB90400F62645 /* MenuManager.swift */,
				54F4211229FBCD4000F62645 /* Features */,
			);
			path = Menu;
			sourceTree = "<group>";
		};
		54F420FF29FBB9E200F62645 /* Models */ = {
			isa = PBXGroup;
			children = (
				54F4210129FBBA0B00F62645 /* Student.swift */,
				54F4211329FBE7AB00F62645 /* Subject.swift */,
			);
			path = Models;
			sourceTree = "<group>";
		};
		54F4210329FBBA4D00F62645 /* CodingManager */ = {
			isa = PBXGroup;
			children = (
				54F420FA29FBB69200F62645 /* StringConstants.swift */,
				54F4210429FBBC9C00F62645 /* MenuType.swift */,
			);
			path = CodingManager;
			sourceTree = "<group>";
		};
		54F4211229FBCD4000F62645 /* Features */ = {
			isa = PBXGroup;
			children = (
				54F4210629FBC5BF00F62645 /* AddStudent.swift */,
				54F4210829FBC60E00F62645 /* DeleteStudent.swift */,
				54F4210A29FBC69700F62645 /* AddScore.swift */,
				54F4210C29FBC6AC00F62645 /* DeleteScore.swift */,
				54F4210E29FBC6F200F62645 /* ScoreView.swift */,
				54F4211029FBC7BF00F62645 /* EndMenu.swift */,
			);
			path = Features;
			sourceTree = "<group>";
		};
/* End PBXGroup section */

/* Begin PBXNativeTarget section */
		54F420EF29FBB1A600F62645 /* MyCreditManager */ = {
			isa = PBXNativeTarget;
			buildConfigurationList = 54F420F729FBB1A600F62645 /* Build configuration list for PBXNativeTarget "MyCreditManager" */;
			buildPhases = (
				54F420EC29FBB1A600F62645 /* Sources */,
				54F420ED29FBB1A600F62645 /* Frameworks */,
				54F420EE29FBB1A600F62645 /* CopyFiles */,
			);
			buildRules = (
			);
			dependencies = (
			);
			name = MyCreditManager;
			productName = MyCreditManager;
			productReference = 54F420F029FBB1A600F62645 /* MyCreditManager */;
			productType = "com.apple.product-type.tool";
		};
/* End PBXNativeTarget section */

/* Begin PBXProject section */
		54F420E829FBB1A600F62645 /* Project object */ = {
			isa = PBXProject;
			attributes = {
				BuildIndependentTargetsInParallel = 1;
				LastSwiftUpdateCheck = 1420;
				LastUpgradeCheck = 1420;
				TargetAttributes = {
					54F420EF29FBB1A600F62645 = {
						CreatedOnToolsVersion = 14.2;
					};
				};
			};
			buildConfigurationList = 54F420EB29FBB1A600F62645 /* Build configuration list for PBXProject "MyCreditManager" */;
			compatibilityVersion = "Xcode 14.0";
			developmentRegion = en;
			hasScannedForEncodings = 0;
			knownRegions = (
				en,
				Base,
			);
			mainGroup = 54F420E729FBB1A600F62645;
			productRefGroup = 54F420F129FBB1A600F62645 /* Products */;
			projectDirPath = "";
			projectRoot = "";
			targets = (
				54F420EF29FBB1A600F62645 /* MyCreditManager */,
			);
		};
/* End PBXProject section */

/* Begin PBXSourcesBuildPhase section */
		54F420EC29FBB1A600F62645 /* Sources */ = {
			isa = PBXSourcesBuildPhase;
			buildActionMask = 2147483647;
			files = (
				54F4210529FBBC9C00F62645 /* MenuType.swift in Sources */,
				54F4210929FBC60E00F62645 /* DeleteStudent.swift in Sources */,
				54F420FB29FBB69200F62645 /* StringConstants.swift in Sources */,
				54F420F429FBB1A600F62645 /* main.swift in Sources */,
				54F4211429FBE7AB00F62645 /* Subject.swift in Sources */,
				54F420FE29FBB90400F62645 /* MenuManager.swift in Sources */,
				54F4210229FBBA0B00F62645 /* Student.swift in Sources */,
				54F4210B29FBC69700F62645 /* AddScore.swift in Sources */,
				54F4210D29FBC6AC00F62645 /* DeleteScore.swift in Sources */,
				54F4210729FBC5BF00F62645 /* AddStudent.swift in Sources */,
				54F4210F29FBC6F200F62645 /* ScoreView.swift in Sources */,
				54F4211129FBC7BF00F62645 /* EndMenu.swift in Sources */,
			);
			runOnlyForDeploymentPostprocessing = 0;
		};
/* End PBXSourcesBuildPhase section */

/* Begin XCBuildConfiguration section */
		54F420F529FBB1A600F62645 /* Debug */ = {
			isa = XCBuildConfiguration;
			buildSettings = {
				ALWAYS_SEARCH_USER_PATHS = NO;
				CLANG_ANALYZER_NONNULL = YES;
				CLANG_ANALYZER_NUMBER_OBJECT_CONVERSION = YES_AGGRESSIVE;
				CLANG_CXX_LANGUAGE_STANDARD = "gnu++20";
				CLANG_ENABLE_MODULES = YES;
				CLANG_ENABLE_OBJC_ARC = YES;
				CLANG_ENABLE_OBJC_WEAK = YES;
				CLANG_WARN_BLOCK_CAPTURE_AUTORELEASING = YES;
				CLANG_WARN_BOOL_CONVERSION = YES;
				CLANG_WARN_COMMA = YES;
				CLANG_WARN_CONSTANT_CONVERSION = YES;
				CLANG_WARN_DEPRECATED_OBJC_IMPLEMENTATIONS = YES;
				CLANG_WARN_DIRECT_OBJC_ISA_USAGE = YES_ERROR;
				CLANG_WARN_DOCUMENTATION_COMMENTS = YES;
				CLANG_WARN_EMPTY_BODY = YES;
				CLANG_WARN_ENUM_CONVERSION = YES;
				CLANG_WARN_INFINITE_RECURSION = YES;
				CLANG_WARN_INT_CONVERSION = YES;
				CLANG_WARN_NON_LITERAL_NULL_CONVERSION = YES;
				CLANG_WARN_OBJC_IMPLICIT_RETAIN_SELF = YES;
				CLANG_WARN_OBJC_LITERAL_CONVERSION = YES;
				CLANG_WARN_OBJC_ROOT_CLASS = YES_ERROR;
				CLANG_WARN_QUOTED_INCLUDE_IN_FRAMEWORK_HEADER = YES;
				CLANG_WARN_RANGE_LOOP_ANALYSIS = YES;
				CLANG_WARN_STRICT_PROTOTYPES = YES;
				CLANG_WARN_SUSPICIOUS_MOVE = YES;
				CLANG_WARN_UNGUARDED_AVAILABILITY = YES_AGGRESSIVE;
				CLANG_WARN_UNREACHABLE_CODE = YES;
				CLANG_WARN__DUPLICATE_METHOD_MATCH = YES;
				COPY_PHASE_STRIP = NO;
				DEBUG_INFORMATION_FORMAT = dwarf;
				ENABLE_STRICT_OBJC_MSGSEND = YES;
				ENABLE_TESTABILITY = YES;
				GCC_C_LANGUAGE_STANDARD = gnu11;
				GCC_DYNAMIC_NO_PIC = NO;
				GCC_NO_COMMON_BLOCKS = YES;
				GCC_OPTIMIZATION_LEVEL = 0;
				GCC_PREPROCESSOR_DEFINITIONS = (
					"DEBUG=1",
					"$(inherited)",
				);
				GCC_WARN_64_TO_32_BIT_CONVERSION = YES;
				GCC_WARN_ABOUT_RETURN_TYPE = YES_ERROR;
				GCC_WARN_UNDECLARED_SELECTOR = YES;
				GCC_WARN_UNINITIALIZED_AUTOS = YES_AGGRESSIVE;
				GCC_WARN_UNUSED_FUNCTION = YES;
				GCC_WARN_UNUSED_VARIABLE = YES;
				MACOSX_DEPLOYMENT_TARGET = 13.1;
				MTL_ENABLE_DEBUG_INFO = INCLUDE_SOURCE;
				MTL_FAST_MATH = YES;
				ONLY_ACTIVE_ARCH = YES;
				SDKROOT = macosx;
				SWIFT_ACTIVE_COMPILATION_CONDITIONS = DEBUG;
				SWIFT_OPTIMIZATION_LEVEL = "-Onone";
			};
			name = Debug;
		};
		54F420F629FBB1A600F62645 /* Release */ = {
			isa = XCBuildConfiguration;
			buildSettings = {
				ALWAYS_SEARCH_USER_PATHS = NO;
				CLANG_ANALYZER_NONNULL = YES;
				CLANG_ANALYZER_NUMBER_OBJECT_CONVERSION = YES_AGGRESSIVE;
				CLANG_CXX_LANGUAGE_STANDARD = "gnu++20";
				CLANG_ENABLE_MODULES = YES;
				CLANG_ENABLE_OBJC_ARC = YES;
				CLANG_ENABLE_OBJC_WEAK = YES;
				CLANG_WARN_BLOCK_CAPTURE_AUTORELEASING = YES;
				CLANG_WARN_BOOL_CONVERSION = YES;
				CLANG_WARN_COMMA = YES;
				CLANG_WARN_CONSTANT_CONVERSION = YES;
				CLANG_WARN_DEPRECATED_OBJC_IMPLEMENTATIONS = YES;
				CLANG_WARN_DIRECT_OBJC_ISA_USAGE = YES_ERROR;
				CLANG_WARN_DOCUMENTATION_COMMENTS = YES;
				CLANG_WARN_EMPTY_BODY = YES;
				CLANG_WARN_ENUM_CONVERSION = YES;
				CLANG_WARN_INFINITE_RECURSION = YES;
				CLANG_WARN_INT_CONVERSION = YES;
				CLANG_WARN_NON_LITERAL_NULL_CONVERSION = YES;
				CLANG_WARN_OBJC_IMPLICIT_RETAIN_SELF = YES;
				CLANG_WARN_OBJC_LITERAL_CONVERSION = YES;
				CLANG_WARN_OBJC_ROOT_CLASS = YES_ERROR;
				CLANG_WARN_QUOTED_INCLUDE_IN_FRAMEWORK_HEADER = YES;
				CLANG_WARN_RANGE_LOOP_ANALYSIS = YES;
				CLANG_WARN_STRICT_PROTOTYPES = YES;
				CLANG_WARN_SUSPICIOUS_MOVE = YES;
				CLANG_WARN_UNGUARDED_AVAILABILITY = YES_AGGRESSIVE;
				CLANG_WARN_UNREACHABLE_CODE = YES;
				CLANG_WARN__DUPLICATE_METHOD_MATCH = YES;
				COPY_PHASE_STRIP = NO;
				DEBUG_INFORMATION_FORMAT = "dwarf-with-dsym";
				ENABLE_NS_ASSERTIONS = NO;
				ENABLE_STRICT_OBJC_MSGSEND = YES;
				GCC_C_LANGUAGE_STANDARD = gnu11;
				GCC_NO_COMMON_BLOCKS = YES;
				GCC_WARN_64_TO_32_BIT_CONVERSION = YES;
				GCC_WARN_ABOUT_RETURN_TYPE = YES_ERROR;
				GCC_WARN_UNDECLARED_SELECTOR = YES;
				GCC_WARN_UNINITIALIZED_AUTOS = YES_AGGRESSIVE;
				GCC_WARN_UNUSED_FUNCTION = YES;
				GCC_WARN_UNUSED_VARIABLE = YES;
				MACOSX_DEPLOYMENT_TARGET = 13.1;
				MTL_ENABLE_DEBUG_INFO = NO;
				MTL_FAST_MATH = YES;
				SDKROOT = macosx;
				SWIFT_COMPILATION_MODE = wholemodule;
				SWIFT_OPTIMIZATION_LEVEL = "-O";
			};
			name = Release;
		};
		54F420F829FBB1A600F62645 /* Debug */ = {
			isa = XCBuildConfiguration;
			buildSettings = {
				CODE_SIGN_STYLE = Automatic;
				PRODUCT_NAME = "$(TARGET_NAME)";
				SWIFT_VERSION = 5.0;
			};
			name = Debug;
		};
		54F420F929FBB1A600F62645 /* Release */ = {
			isa = XCBuildConfiguration;
			buildSettings = {
				CODE_SIGN_STYLE = Automatic;
				PRODUCT_NAME = "$(TARGET_NAME)";
				SWIFT_VERSION = 5.0;
			};
			name = Release;
		};
/* End XCBuildConfiguration section */

/* Begin XCConfigurationList section */
		54F420EB29FBB1A600F62645 /* Build configuration list for PBXProject "MyCreditManager" */ = {
			isa = XCConfigurationList;
			buildConfigurations = (
				54F420F529FBB1A600F62645 /* Debug */,
				54F420F629FBB1A600F62645 /* Release */,
			);
			defaultConfigurationIsVisible = 0;
			defaultConfigurationName = Release;
		};
		54F420F729FBB1A600F62645 /* Build configuration list for PBXNativeTarget "MyCreditManager" */ = {
			isa = XCConfigurationList;
			buildConfigurations = (
				54F420F829FBB1A600F62645 /* Debug */,
				54F420F929FBB1A600F62645 /* Release */,
			);
			defaultConfigurationIsVisible = 0;
			defaultConfigurationName = Release;
		};
/* End XCConfigurationList section */
	};
	rootObject = 54F420E829FBB1A600F62645 /* Project object */;
}
